PODS:
  - Alamofire (3.1.4)
  - AlamofireObjectMapper (2.1.0):
    - Alamofire (~> 3.1.0)
    - ObjectMapper (~> 1.0)
  - CryptoSwift (0.1.1)
  - GoogleAnalytics (3.14.0)
  - MBProgressHUD (0.9.2)
  - ObjectMapper (1.0.1)
  - PusherSwift (0.1.6):
    - CryptoSwift (~> 0.1.1)
    - ReachabilitySwift (~> 2.3)
    - Starscream (~> 1.0.2)
  - ReachabilitySwift (2.3.3)
  - Realm (0.97.0):
    - Realm/Headers (= 0.97.0)
  - Realm/Headers (0.97.0)
  - RealmSwift (0.97.0):
    - Realm (= 0.97.0)
  - RxBlocking (2.0.0-beta.4):
    - RxSwift (~> 2.0.0-beta)
  - RxCocoa (2.0.0-beta.4):
    - RxSwift (~> 2.0.0-beta)
  - RxSwift (2.0.0-beta.4)
  - Starscream (1.0.2)

DEPENDENCIES:
  - Alamofire (~> 3.1)
  - AlamofireObjectMapper (~> 2.1)
  - GoogleAnalytics
  - MBProgressHUD (~> 0.8)
  - ObjectMapper (~> 1.0)
  - PusherSwift (~> 0.1)
  - RealmSwift (~> 0.97)
  - RxBlocking (~> 2.0.0-beta)
  - RxCocoa (~> 2.0.0-beta)
  - RxSwift (~> 2.0.0-beta)

SPEC CHECKSUMS:
  Alamofire: fbc829692f351fa1d8a31dd75fd7f7f56fea31fb
  AlamofireObjectMapper: 24097576202064f8b0a583452dd934064f78dc0e
  CryptoSwift: c11640d3d66107efc8333e4131a5173f072b1d61
  GoogleAnalytics: 9be1afdb8deeac4bb5f13ca7f7d3b9db2a1f43dc
  MBProgressHUD: 1569cf7ace17a8bac47aabfbb8580a49690386d1
  ObjectMapper: 98524bac0dca46c6b3d5ee02cd410fc700ec6ce2
  PusherSwift: 9b0b16d230af93e2bf292f1cc1121f1232c2d992
  ReachabilitySwift: e0f6b6f280effb47731acfaaa2d5ffe223703793
  Realm: b498a6fb9d288b171ff98d0e2d4384c295be8990
  RealmSwift: d014810dec75c9a3f1a33926d2dabfed855c582c
  RxBlocking: 234b0c161315ff3ade25c11e48d74e9ca83158b5
  RxCocoa: 4a3e433e6dfe116362ff54423c841cc0f209e009
  RxSwift: 191c6b06da783a8671433cf35a54d2ad2fd2d9de
  Starscream: 40e2c4c1c770d811f24116b8b7dbeb4542c56767

COCOAPODS: 0.39.0
