PODS:
  - Alamofire (3.1.5)
  - AlamofireObjectMapper (2.1.0):
    - Alamofire (~> 3.1.0)
    - ObjectMapper (~> 1.0)
  - BigBrother (0.3.0)
  - Carlos (0.6)
  - Crashlytics (3.6.0):
    - Fabric (~> 1.6.3)
  - CryptoSwift (0.2.3)
  - DateTools (1.7.0)
  - Fabric (1.6.4)
  - FileKit (2.0.0)
  - GoogleAnalytics (3.14.0)
  - MBProgressHUD (0.9.2)
  - Nimble (4.0.1)
  - ObjectMapper (1.1.1)
  - OHHTTPStubs (4.7.0):
    - OHHTTPStubs/Default (= 4.7.0)
  - OHHTTPStubs/Core (4.7.0)
  - OHHTTPStubs/Default (4.7.0):
    - OHHTTPStubs/Core
    - OHHTTPStubs/JSON
    - OHHTTPStubs/NSURLSession
    - OHHTTPStubs/OHPathHelpers
  - OHHTTPStubs/JSON (4.7.0):
    - OHHTTPStubs/Core
  - OHHTTPStubs/NSURLSession (4.7.0):
    - OHHTTPStubs/Core
  - OHHTTPStubs/OHPathHelpers (4.7.0)
  - OHHTTPStubs/Swift (4.7.0):
    - OHHTTPStubs/Core
  - PusherSwift (0.2.3):
    - CryptoSwift (~> 0.2.2)
    - ReachabilitySwift (~> 2.3.3)
    - Starscream (~> 1.1.1)
  - Quick (0.9.2)
  - ReachabilitySwift (2.3.3)
  - Realm (0.98.0):
    - Realm/Headers (= 0.98.0)
  - Realm/Headers (0.98.0)
  - RealmResultsController (0.4.0):
    - RealmSwift
  - RealmSwift (0.98.0):
    - Realm (= 0.98.0)
  - RxBlocking (2.0.0):
    - RxSwift (~> 2.0)
  - RxCocoa (2.0.0):
    - RxSwift (~> 2.0)
  - RxSwift (2.0.0)
  - Starscream (1.1.2)

DEPENDENCIES:
  - AlamofireObjectMapper (~> 2.1)
  - BigBrother (~> 0.3.0)
  - Carlos (~> 0.5)
  - Crashlytics
  - DateTools (~> 1.7)
  - Fabric
  - FileKit
  - GoogleAnalytics (~> 3.14)
  - MBProgressHUD (~> 0.8)
  - Nimble (~> 4.0)
  - OHHTTPStubs (~> 4.7)
  - OHHTTPStubs/Swift (~> 4.7)
  - PusherSwift (= 0.2.3)
  - Quick (~> 0.9)
  - RealmResultsController (= 0.4.0)
  - RealmSwift (= 0.98.0)
  - RxBlocking (~> 2.0.0)
  - RxCocoa (~> 2.0.0)
  - RxSwift (~> 2.0.0)

SPEC CHECKSUMS:
  Alamofire: 5f730ba29fd113b7ddd71c1e65d0c630acf5d7b0
  AlamofireObjectMapper: 24097576202064f8b0a583452dd934064f78dc0e
  BigBrother: e3cdf5f22636c7b7e92ec4e3615e58cb58681125
  Carlos: e047302297d76c181baf41e65c770967b0e2c484
  Crashlytics: e4e8d02914f2608fbc7bf42b1a7af838b0db67a2
  CryptoSwift: b2bf37b8e7cc6d682ef3365cb966bc5ae5174aa5
  DateTools: 53288ee8b905fdc75897a1e6b5cc0144b14cba60
  Fabric: ed41fd62173c6bdea24ab02c9d7707161eabb750
  FileKit: fd360f82f62a1f70dd2ccdbe0950d3a6d1e25d1d
  GoogleAnalytics: 9be1afdb8deeac4bb5f13ca7f7d3b9db2a1f43dc
  MBProgressHUD: 1569cf7ace17a8bac47aabfbb8580a49690386d1
  Nimble: 0f3c8b8b084cda391209c3c5efbb48bedeeb920a
  ObjectMapper: 4143abed1dbd49b73d75092fe8fa1c88ed6434b7
  OHHTTPStubs: d2bf6a0f407620d67e75a1d3f12d86a2b1dd15c0
  PusherSwift: 088a8bde5f9fa8c24efe710915d49f2b67c9edc4
  Quick: 18d057bc66451eedd5d1c8dc99ba2a5db6e60226
  ReachabilitySwift: e0f6b6f280effb47731acfaaa2d5ffe223703793
  Realm: 28efc598b8b1b378d27a222d9fc037a29ae68642
  RealmResultsController: fa239f5274a5fe3984bf857b1ec253be5a245c3a
  RealmSwift: 7ef4b9ee449d711cd5a7d69a3af1cc5cd0efb619
  RxBlocking: a95a10ed54eb5d116f6c9a87047ff671e181d07b
  RxCocoa: b0ebd70b4f7450bdb3c8987b122f8fd568dc1e2f
  RxSwift: d83246efa6f16c50c143bec134649d045498f601
  Starscream: 58a12fd35a3cb6aaa105716c2d42765f7c1c732f

COCOAPODS: 0.39.0
