PODS:
  - AFNetworking (2.4.1):
    - AFNetworking/NSURLConnection (= 2.4.1)
    - AFNetworking/NSURLSession (= 2.4.1)
    - AFNetworking/Reachability (= 2.4.1)
    - AFNetworking/Security (= 2.4.1)
    - AFNetworking/Serialization (= 2.4.1)
    - AFNetworking/UIKit (= 2.4.1)
  - AFNetworking/NSURLConnection (2.4.1):
    - AFNetworking/Reachability
    - AFNetworking/Security
    - AFNetworking/Serialization
  - AFNetworking/NSURLSession (2.4.1):
    - AFNetworking/Reachability
    - AFNetworking/Security
    - AFNetworking/Serialization
  - AFNetworking/Reachability (2.4.1)
  - AFNetworking/Security (2.4.1)
  - AFNetworking/Serialization (2.4.1)
  - AFNetworking/UIKit (2.4.1):
    - AFNetworking/NSURLConnection
    - AFNetworking/NSURLSession
  - BlocksKit (2.2.5):
    - BlocksKit/All (= 2.2.5)
  - BlocksKit/All (2.2.5):
    - BlocksKit/Core
    - BlocksKit/DynamicDelegate
    - BlocksKit/MessageUI
    - BlocksKit/UIKit
  - BlocksKit/Core (2.2.5)
  - BlocksKit/DynamicDelegate (2.2.5)
  - BlocksKit/MessageUI (2.2.5):
    - BlocksKit/Core
    - BlocksKit/DynamicDelegate
  - BlocksKit/UIKit (2.2.5):
    - BlocksKit/Core
    - BlocksKit/DynamicDelegate
  - GoogleAnalytics-iOS-SDK (3.0.9)
  - MagicalRecord/Shorthand (2.3.0-beta.5)
  - MBProgressHUD (0.9)
  - NSDate+TimeAgo (1.0.3)
  - UIColor+Mix (1.0.0)

DEPENDENCIES:
  - AFNetworking
  - BlocksKit
  - GoogleAnalytics-iOS-SDK
  - MagicalRecord/Shorthand (from `git@github.com:magicalpanda/MagicalRecord.git`, tag `v2.3.0-beta.5`)
  - MBProgressHUD (~> 0.8)
  - NSDate+TimeAgo
  - UIColor+Mix

EXTERNAL SOURCES:
  MagicalRecord:
    :git: git@github.com:magicalpanda/MagicalRecord.git
    :tag: v2.3.0-beta.5

CHECKOUT OPTIONS:
  MagicalRecord:
    :git: git@github.com:magicalpanda/MagicalRecord.git
    :tag: v2.3.0-beta.5

SPEC CHECKSUMS:
  AFNetworking: 41d45d2c14219af0fa5addf3cfd433a002c13c9f
  BlocksKit: 7f422b971407001178d181a43b99014ea2591fe6
  GoogleAnalytics-iOS-SDK: 3b0994bef22ed2e176a9e2a4d1660c7c2542eb47
  MagicalRecord: 5b7e807bc07c5d642af1f7d894b7fe0d3c317ca2
  MBProgressHUD: d8e7ea388dc1549a42e0d219067cf5f2c898fb66
  NSDate+TimeAgo: 416f55d2696d3744c313091c5a9280d47f8238fe
  UIColor+Mix: fdb1c1620bc1d127f75665c7a6322028b3ebb9d5

COCOAPODS: 0.36.0
