<?xml version="1.0" encoding="UTF-8"?>
<Scheme
   LastUpgradeVersion = "0630"
   version = "1.3">
   <BuildAction
      parallelizeBuildables = "YES"
      buildImplicitDependencies = "YES">
      <BuildActionEntries>
         <BuildActionEntry
            buildForTesting = "YES"
            buildForRunning = "YES"
            buildForProfiling = "YES"
            buildForArchiving = "YES"
            buildForAnalyzing = "YES">
            <BuildableReference
               BuildableIdentifier = "primary"
               BlueprintIdentifier = "85CF5ACC1B2C711D004882EB"
               BuildableName = "CI2Go WatchKit App.app"
               BlueprintName = "CI2Go WatchKit App"
               ReferencedContainer = "container:CI2Go.xcodeproj">
            </BuildableReference>
         </BuildActionEntry>
         <BuildActionEntry
            buildForTesting = "YES"
            buildForRunning = "YES"
            buildForProfiling = "YES"
            buildForArchiving = "YES"
            buildForAnalyzing = "YES">
            <BuildableReference
               BuildableIdentifier = "primary"
               BlueprintIdentifier = "85CF5ABD1B2C711C004882EB"
               BuildableName = "CI2Go WatchKit Extension.appex"
               BlueprintName = "CI2Go WatchKit Extension"
               ReferencedContainer = "container:CI2Go.xcodeproj">
            </BuildableReference>
         </BuildActionEntry>
         <BuildActionEntry
            buildForTesting = "YES"
            buildForRunning = "YES"
            buildForProfiling = "YES"
            buildForArchiving = "YES"
            buildForAnalyzing = "YES">
            <BuildableReference
               BuildableIdentifier = "primary"
               BlueprintIdentifier = "85BB1BAA19FC804F003A1FBE"
               BuildableName = "CI2Go.app"
               BlueprintName = "CI2Go"
               ReferencedContainer = "container:CI2Go.xcodeproj">
            </BuildableReference>
         </BuildActionEntry>
      </BuildActionEntries>
   </BuildAction>
   <TestAction
      selectedDebuggerIdentifier = "Xcode.DebuggerFoundation.Debugger.LLDB"
      selectedLauncherIdentifier = "Xcode.DebuggerFoundation.Launcher.LLDB"
      shouldUseLaunchSchemeArgsEnv = "YES"
      buildConfiguration = "Debug">
      <Testables>
      </Testables>
      <MacroExpansion>
         <BuildableReference
            BuildableIdentifier = "primary"
            BlueprintIdentifier = "85CF5ACC1B2C711D004882EB"
            BuildableName = "CI2Go WatchKit App.app"
            BlueprintName = "CI2Go WatchKit App"
            ReferencedContainer = "container:CI2Go.xcodeproj">
         </BuildableReference>
      </MacroExpansion>
   </TestAction>
   <LaunchAction
      selectedDebuggerIdentifier = "Xcode.DebuggerFoundation.Debugger.LLDB"
      selectedLauncherIdentifier = "Xcode.DebuggerFoundation.Launcher.LLDB"
      launchStyle = "0"
      useCustomWorkingDirectory = "NO"
      buildConfiguration = "Debug"
      ignoresPersistentStateOnLaunch = "NO"
      debugDocumentVersioning = "YES"
      allowLocationSimulation = "YES"
      notificationPayloadFile = "CI2Go WatchKit Extension/PushNotificationPayload.apns">
      <RemoteRunnable
         runnableDebuggingMode = "2"
         BundleIdentifier = "com.apple.springboard"
         RemotePath = "/CI2Go">
         <BuildableReference
            BuildableIdentifier = "primary"
            BlueprintIdentifier = "85CF5ACC1B2C711D004882EB"
            BuildableName = "CI2Go WatchKit App.app"
            BlueprintName = "CI2Go WatchKit App"
            ReferencedContainer = "container:CI2Go.xcodeproj">
         </BuildableReference>
      </RemoteRunnable>
      <MacroExpansion>
         <BuildableReference
            BuildableIdentifier = "primary"
            BlueprintIdentifier = "85CF5ACC1B2C711D004882EB"
            BuildableName = "CI2Go WatchKit App.app"
            BlueprintName = "CI2Go WatchKit App"
            ReferencedContainer = "container:CI2Go.xcodeproj">
         </BuildableReference>
      </MacroExpansion>
      <EnvironmentVariables>
         <EnvironmentVariable
            key = "VERBOSE"
            value = "1"
            isEnabled = "YES">
         </EnvironmentVariable>
      </EnvironmentVariables>
      <AdditionalOptions>
      </AdditionalOptions>
   </LaunchAction>
   <ProfileAction
      shouldUseLaunchSchemeArgsEnv = "YES"
      savedToolIdentifier = ""
      useCustomWorkingDirectory = "NO"
      buildConfiguration = "Release"
      debugDocumentVersioning = "YES">
      <RemoteRunnable
         runnableDebuggingMode = "2"
         BundleIdentifier = "com.apple.springboard"
         RemotePath = "/CI2Go">
         <BuildableReference
            BuildableIdentifier = "primary"
            BlueprintIdentifier = "85CF5ACC1B2C711D004882EB"
            BuildableName = "CI2Go WatchKit App.app"
            BlueprintName = "CI2Go WatchKit App"
            ReferencedContainer = "container:CI2Go.xcodeproj">
         </BuildableReference>
      </RemoteRunnable>
      <MacroExpansion>
         <BuildableReference
            BuildableIdentifier = "primary"
            BlueprintIdentifier = "85CF5ACC1B2C711D004882EB"
            BuildableName = "CI2Go WatchKit App.app"
            BlueprintName = "CI2Go WatchKit App"
            ReferencedContainer = "container:CI2Go.xcodeproj">
         </BuildableReference>
      </MacroExpansion>
   </ProfileAction>
   <AnalyzeAction
      buildConfiguration = "Debug">
   </AnalyzeAction>
   <ArchiveAction
      buildConfiguration = "Release"
      revealArchiveInOrganizer = "YES">
   </ArchiveAction>
</Scheme>
